Microsoft Visual Studio Solution File, Format Version 12.00
# Visual Studio Version 17
VisualStudioVersion = 17.5.2.0
MinimumVisualStudioVersion = 10.0.40219.1
Project("{FAE04EC0-301F-11D3-BF4B-00C04F79EFBC}") = "Code tests", "Code tests.csproj", "{AC3D06A2-EF09-5FF2-7C96-6F71AB6F959F}"
EndProject
Global
	GlobalSection(SolutionConfigurationPlatforms) = preSolution
		Debug|Any CPU = Debug|Any CPU
		Release|Any CPU = Release|Any CPU
	EndGlobalSection
	GlobalSection(ProjectConfigurationPlatforms) = postSolution
		{AC3D06A2-EF09-5FF2-7C96-6F71AB6F959F}.Debug|Any CPU.ActiveCfg = Debug|Any CPU
		{AC3D06A2-EF09-5FF2-7C96-6F71AB6F959F}.Debug|Any CPU.Build.0 = Debug|Any CPU
		{AC3D06A2-EF09-5FF2-7C96-6F71AB6F959F}.Release|Any CPU.ActiveCfg = Release|Any CPU
		{AC3D06A2-EF09-5FF2-7C96-6F71AB6F959F}.Release|Any CPU.Build.0 = Release|Any CPU
	EndGlobalSection
	GlobalSection(SolutionProperties) = preSolution
		HideSolutionNode = FALSE
	EndGlobalSection
	GlobalSection(ExtensibilityGlobals) = postSolution
		SolutionGuid = {33F81503-A528-4C47-AECD-CE1BC02B6E9E}
	EndGlobalSection
EndGlobal
