
Microsoft Visual Studio Solution File, Format Version 12.00
# Visual Studio Version 17
VisualStudioVersion = 17.14.36203.30 d17.14
MinimumVisualStudioVersion = 10.0.40219.1
Project("{FAE04EC0-301F-11D3-BF4B-00C04F79EFBC}") = "StartFromScratch", "StartFromScratch\StartFromScratch.csproj", "{19FD38C5-B01B-4556-8D22-AE6B4D1AF670}"
EndProject
Global
	GlobalSection(SolutionConfigurationPlatforms) = preSolution
		Debug|Any CPU = Debug|Any CPU
		Release|Any CPU = Release|Any CPU
	EndGlobalSection
	GlobalSection(ProjectConfigurationPlatforms) = postSolution
		{19FD38C5-B01B-4556-8D22-AE6B4D1AF670}.Debug|Any CPU.ActiveCfg = Debug|Any CPU
		{19FD38C5-B01B-4556-8D22-AE6B4D1AF670}.Debug|Any CPU.Build.0 = Debug|Any CPU
		{19FD38C5-B01B-4556-8D22-AE6B4D1AF670}.Release|Any CPU.ActiveCfg = Release|Any CPU
		{19FD38C5-B01B-4556-8D22-AE6B4D1AF670}.Release|Any CPU.Build.0 = Release|Any CPU
	EndGlobalSection
	GlobalSection(SolutionProperties) = preSolution
		HideSolutionNode = FALSE
	EndGlobalSection
	GlobalSection(ExtensibilityGlobals) = postSolution
		SolutionGuid = {AEF1032E-690A-4A4E-9570-1847F9F016DA}
	EndGlobalSection
EndGlobal
